
Microsoft Visual Studio Solution File, Format Version 12.00
# Visual Studio Version 16
VisualStudioVersion = 16.0.32106.194
MinimumVisualStudioVersion = 10.0.40219.1
Project("{FAE04EC0-301F-11D3-BF4B-00C04F79EFBC}") = "TTS_CardTool", "TTS_CardTool\TTS_CardTool.csproj", "{7F65DD98-7B0B-4CFF-86B1-9B3CBE38AA54}"
EndProject
Project("{FAE04EC0-301F-11D3-BF4B-00C04F79EFBC}") = "RondoFramework", "..\..\RondoFramework\RondoFramework\RondoFramework.csproj", "{93422009-B7C3-402E-9B04-29E97DEC6AB6}"
EndProject
Global
	GlobalSection(SolutionConfigurationPlatforms) = preSolution
		Debug|Any CPU = Debug|Any CPU
		Release|Any CPU = Release|Any CPU
	EndGlobalSection
	GlobalSection(ProjectConfigurationPlatforms) = postSolution
		{7F65DD98-7B0B-4CFF-86B1-9B3CBE38AA54}.Debug|Any CPU.ActiveCfg = Debug|Any CPU
		{7F65DD98-7B0B-4CFF-86B1-9B3CBE38AA54}.Debug|Any CPU.Build.0 = Debug|Any CPU
		{7F65DD98-7B0B-4CFF-86B1-9B3CBE38AA54}.Release|Any CPU.ActiveCfg = Release|Any CPU
		{7F65DD98-7B0B-4CFF-86B1-9B3CBE38AA54}.Release|Any CPU.Build.0 = Release|Any CPU
		{93422009-B7C3-402E-9B04-29E97DEC6AB6}.Debug|Any CPU.ActiveCfg = Debug|Any CPU
		{93422009-B7C3-402E-9B04-29E97DEC6AB6}.Debug|Any CPU.Build.0 = Debug|Any CPU
		{93422009-B7C3-402E-9B04-29E97DEC6AB6}.Release|Any CPU.ActiveCfg = Release|Any CPU
		{93422009-B7C3-402E-9B04-29E97DEC6AB6}.Release|Any CPU.Build.0 = Release|Any CPU
	EndGlobalSection
	GlobalSection(SolutionProperties) = preSolution
		HideSolutionNode = FALSE
	EndGlobalSection
	GlobalSection(ExtensibilityGlobals) = postSolution
		SolutionGuid = {E5D848B9-6CE0-4773-A6E9-08F28ED942B7}
	EndGlobalSection
EndGlobal
